
Microsoft Visual Studio Solution File, Format Version 12.00
# Visual Studio Version 17
VisualStudioVersion = 17.7.34024.191
MinimumVisualStudioVersion = 10.0.40219.1
Project("{FAE04EC0-301F-11D3-BF4B-00C04F79EFBC}") = "classesTrainingDungeoncrawler", "classesTrainingDungeoncrawler\classesTrainingDungeoncrawler.csproj", "{0D1A71F5-4AB6-4BE2-A939-CB4A0EAE8F75}"
EndProject
Global
	GlobalSection(SolutionConfigurationPlatforms) = preSolution
		Debug|Any CPU = Debug|Any CPU
		Release|Any CPU = Release|Any CPU
	EndGlobalSection
	GlobalSection(ProjectConfigurationPlatforms) = postSolution
		{0D1A71F5-4AB6-4BE2-A939-CB4A0EAE8F75}.Debug|Any CPU.ActiveCfg = Debug|Any CPU
		{0D1A71F5-4AB6-4BE2-A939-CB4A0EAE8F75}.Debug|Any CPU.Build.0 = Debug|Any CPU
		{0D1A71F5-4AB6-4BE2-A939-CB4A0EAE8F75}.Release|Any CPU.ActiveCfg = Release|Any CPU
		{0D1A71F5-4AB6-4BE2-A939-CB4A0EAE8F75}.Release|Any CPU.Build.0 = Release|Any CPU
	EndGlobalSection
	GlobalSection(SolutionProperties) = preSolution
		HideSolutionNode = FALSE
	EndGlobalSection
	GlobalSection(ExtensibilityGlobals) = postSolution
		SolutionGuid = {0EFB02A1-1C1A-4FD6-BBC1-E3C8F3F6A4C3}
	EndGlobalSection
EndGlobal
